
Microsoft Visual Studio Solution File, Format Version 12.00
# Visual Studio Version 17
VisualStudioVersion = 17.0.31903.59
MinimumVisualStudioVersion = 10.0.40219.1
Project("{2150E333-8FDC-42A3-9474-1A3956D46DE8}") = "TaskManagerAPI", "TaskManagerAPI", "{171AC01A-A10A-76BE-B459-ABAE03EF3715}"
EndProject
Project("{FAE04EC0-301F-11D3-BF4B-00C04F79EFBC}") = "TaskManager", "TaskManagerAPI\TaskManager.csproj", "{1D33C971-62F1-48D4-B8E4-6055CBAD0CC4}"
EndProject
Project("{FAE04EC0-301F-11D3-BF4B-00C04F79EFBC}") = "Application", "Application\Application.csproj", "{7D438696-7E38-4A32-9DB2-E3398A0FDA3C}"
EndProject
Project("{FAE04EC0-301F-11D3-BF4B-00C04F79EFBC}") = "Domain", "Domain\Domain.csproj", "{EBDD243F-D318-47FF-9528-6E5BB6F5106D}"
EndProject
Project("{FAE04EC0-301F-11D3-BF4B-00C04F79EFBC}") = "Infrastructure", "Infrastructure\Infrastructure.csproj", "{0B15635A-0086-4B1A-B940-6BFE39EEAF2A}"
EndProject
Project("{FAE04EC0-301F-11D3-BF4B-00C04F79EFBC}") = "Persistence", "Persistence\Persistence.csproj", "{D0D1550D-D638-4D9F-8513-F84CB3DB3BCA}"
EndProject
Global
	GlobalSection(SolutionConfigurationPlatforms) = preSolution
		Debug|Any CPU = Debug|Any CPU
		Debug|x64 = Debug|x64
		Debug|x86 = Debug|x86
		Release|Any CPU = Release|Any CPU
		Release|x64 = Release|x64
		Release|x86 = Release|x86
	EndGlobalSection
	GlobalSection(ProjectConfigurationPlatforms) = postSolution
		{1D33C971-62F1-48D4-B8E4-6055CBAD0CC4}.Debug|Any CPU.ActiveCfg = Debug|Any CPU
		{1D33C971-62F1-48D4-B8E4-6055CBAD0CC4}.Debug|Any CPU.Build.0 = Debug|Any CPU
		{1D33C971-62F1-48D4-B8E4-6055CBAD0CC4}.Debug|x64.ActiveCfg = Debug|Any CPU
		{1D33C971-62F1-48D4-B8E4-6055CBAD0CC4}.Debug|x64.Build.0 = Debug|Any CPU
		{1D33C971-62F1-48D4-B8E4-6055CBAD0CC4}.Debug|x86.ActiveCfg = Debug|Any CPU
		{1D33C971-62F1-48D4-B8E4-6055CBAD0CC4}.Debug|x86.Build.0 = Debug|Any CPU
		{1D33C971-62F1-48D4-B8E4-6055CBAD0CC4}.Release|Any CPU.ActiveCfg = Release|Any CPU
		{1D33C971-62F1-48D4-B8E4-6055CBAD0CC4}.Release|Any CPU.Build.0 = Release|Any CPU
		{1D33C971-62F1-48D4-B8E4-6055CBAD0CC4}.Release|x64.ActiveCfg = Release|Any CPU
		{1D33C971-62F1-48D4-B8E4-6055CBAD0CC4}.Release|x64.Build.0 = Release|Any CPU
		{1D33C971-62F1-48D4-B8E4-6055CBAD0CC4}.Release|x86.ActiveCfg = Release|Any CPU
		{1D33C971-62F1-48D4-B8E4-6055CBAD0CC4}.Release|x86.Build.0 = Release|Any CPU
		{7D438696-7E38-4A32-9DB2-E3398A0FDA3C}.Debug|Any CPU.ActiveCfg = Debug|Any CPU
		{7D438696-7E38-4A32-9DB2-E3398A0FDA3C}.Debug|Any CPU.Build.0 = Debug|Any CPU
		{7D438696-7E38-4A32-9DB2-E3398A0FDA3C}.Debug|x64.ActiveCfg = Debug|Any CPU
		{7D438696-7E38-4A32-9DB2-E3398A0FDA3C}.Debug|x64.Build.0 = Debug|Any CPU
		{7D438696-7E38-4A32-9DB2-E3398A0FDA3C}.Debug|x86.ActiveCfg = Debug|Any CPU
		{7D438696-7E38-4A32-9DB2-E3398A0FDA3C}.Debug|x86.Build.0 = Debug|Any CPU
		{7D438696-7E38-4A32-9DB2-E3398A0FDA3C}.Release|Any CPU.ActiveCfg = Release|Any CPU
		{7D438696-7E38-4A32-9DB2-E3398A0FDA3C}.Release|Any CPU.Build.0 = Release|Any CPU
		{7D438696-7E38-4A32-9DB2-E3398A0FDA3C}.Release|x64.ActiveCfg = Release|Any CPU
		{7D438696-7E38-4A32-9DB2-E3398A0FDA3C}.Release|x64.Build.0 = Release|Any CPU
		{7D438696-7E38-4A32-9DB2-E3398A0FDA3C}.Release|x86.ActiveCfg = Release|Any CPU
		{7D438696-7E38-4A32-9DB2-E3398A0FDA3C}.Release|x86.Build.0 = Release|Any CPU
		{EBDD243F-D318-47FF-9528-6E5BB6F5106D}.Debug|Any CPU.ActiveCfg = Debug|Any CPU
		{EBDD243F-D318-47FF-9528-6E5BB6F5106D}.Debug|Any CPU.Build.0 = Debug|Any CPU
		{EBDD243F-D318-47FF-9528-6E5BB6F5106D}.Debug|x64.ActiveCfg = Debug|Any CPU
		{EBDD243F-D318-47FF-9528-6E5BB6F5106D}.Debug|x64.Build.0 = Debug|Any CPU
		{EBDD243F-D318-47FF-9528-6E5BB6F5106D}.Debug|x86.ActiveCfg = Debug|Any CPU
		{EBDD243F-D318-47FF-9528-6E5BB6F5106D}.Debug|x86.Build.0 = Debug|Any CPU
		{EBDD243F-D318-47FF-9528-6E5BB6F5106D}.Release|Any CPU.ActiveCfg = Release|Any CPU
		{EBDD243F-D318-47FF-9528-6E5BB6F5106D}.Release|Any CPU.Build.0 = Release|Any CPU
		{EBDD243F-D318-47FF-9528-6E5BB6F5106D}.Release|x64.ActiveCfg = Release|Any CPU
		{EBDD243F-D318-47FF-9528-6E5BB6F5106D}.Release|x64.Build.0 = Release|Any CPU
		{EBDD243F-D318-47FF-9528-6E5BB6F5106D}.Release|x86.ActiveCfg = Release|Any CPU
		{EBDD243F-D318-47FF-9528-6E5BB6F5106D}.Release|x86.Build.0 = Release|Any CPU
		{0B15635A-0086-4B1A-B940-6BFE39EEAF2A}.Debug|Any CPU.ActiveCfg = Debug|Any CPU
		{0B15635A-0086-4B1A-B940-6BFE39EEAF2A}.Debug|Any CPU.Build.0 = Debug|Any CPU
		{0B15635A-0086-4B1A-B940-6BFE39EEAF2A}.Debug|x64.ActiveCfg = Debug|Any CPU
		{0B15635A-0086-4B1A-B940-6BFE39EEAF2A}.Debug|x64.Build.0 = Debug|Any CPU
		{0B15635A-0086-4B1A-B940-6BFE39EEAF2A}.Debug|x86.ActiveCfg = Debug|Any CPU
		{0B15635A-0086-4B1A-B940-6BFE39EEAF2A}.Debug|x86.Build.0 = Debug|Any CPU
		{0B15635A-0086-4B1A-B940-6BFE39EEAF2A}.Release|Any CPU.ActiveCfg = Release|Any CPU
		{0B15635A-0086-4B1A-B940-6BFE39EEAF2A}.Release|Any CPU.Build.0 = Release|Any CPU
		{0B15635A-0086-4B1A-B940-6BFE39EEAF2A}.Release|x64.ActiveCfg = Release|Any CPU
		{0B15635A-0086-4B1A-B940-6BFE39EEAF2A}.Release|x64.Build.0 = Release|Any CPU
		{0B15635A-0086-4B1A-B940-6BFE39EEAF2A}.Release|x86.ActiveCfg = Release|Any CPU
		{0B15635A-0086-4B1A-B940-6BFE39EEAF2A}.Release|x86.Build.0 = Release|Any CPU
		{D0D1550D-D638-4D9F-8513-F84CB3DB3BCA}.Debug|Any CPU.ActiveCfg = Debug|Any CPU
		{D0D1550D-D638-4D9F-8513-F84CB3DB3BCA}.Debug|Any CPU.Build.0 = Debug|Any CPU
		{D0D1550D-D638-4D9F-8513-F84CB3DB3BCA}.Debug|x64.ActiveCfg = Debug|Any CPU
		{D0D1550D-D638-4D9F-8513-F84CB3DB3BCA}.Debug|x64.Build.0 = Debug|Any CPU
		{D0D1550D-D638-4D9F-8513-F84CB3DB3BCA}.Debug|x86.ActiveCfg = Debug|Any CPU
		{D0D1550D-D638-4D9F-8513-F84CB3DB3BCA}.Debug|x86.Build.0 = Debug|Any CPU
		{D0D1550D-D638-4D9F-8513-F84CB3DB3BCA}.Release|Any CPU.ActiveCfg = Release|Any CPU
		{D0D1550D-D638-4D9F-8513-F84CB3DB3BCA}.Release|Any CPU.Build.0 = Release|Any CPU
		{D0D1550D-D638-4D9F-8513-F84CB3DB3BCA}.Release|x64.ActiveCfg = Release|Any CPU
		{D0D1550D-D638-4D9F-8513-F84CB3DB3BCA}.Release|x64.Build.0 = Release|Any CPU
		{D0D1550D-D638-4D9F-8513-F84CB3DB3BCA}.Release|x86.ActiveCfg = Release|Any CPU
		{D0D1550D-D638-4D9F-8513-F84CB3DB3BCA}.Release|x86.Build.0 = Release|Any CPU
	EndGlobalSection
	GlobalSection(SolutionProperties) = preSolution
		HideSolutionNode = FALSE
	EndGlobalSection
	GlobalSection(NestedProjects) = preSolution
		{1D33C971-62F1-48D4-B8E4-6055CBAD0CC4} = {171AC01A-A10A-76BE-B459-ABAE03EF3715}
		{7D438696-7E38-4A32-9DB2-E3398A0FDA3C} = {171AC01A-A10A-76BE-B459-ABAE03EF3715}
		{EBDD243F-D318-47FF-9528-6E5BB6F5106D} = {171AC01A-A10A-76BE-B459-ABAE03EF3715}
		{0B15635A-0086-4B1A-B940-6BFE39EEAF2A} = {171AC01A-A10A-76BE-B459-ABAE03EF3715}
		{D0D1550D-D638-4D9F-8513-F84CB3DB3BCA} = {171AC01A-A10A-76BE-B459-ABAE03EF3715}
	EndGlobalSection
EndGlobal
